
Microsoft Visual Studio Solution File, Format Version 12.00
# Visual Studio Version 16
VisualStudioVersion = 16.0.31205.134
MinimumVisualStudioVersion = 10.0.40219.1
Project("{9A19103F-16F7-4668-BE54-9A1E7A4F7556}") = "PokerHandRanking", "PokerHandRanking\PokerHandRanking.csproj", "{41A879F9-C1AE-4BE0-A64C-A2B86D38DEC5}"
EndProject
Project("{FAE04EC0-301F-11D3-BF4B-00C04F79EFBC}") = "PokerHandRanking.Tests", "PokerHandRanking.Tests\PokerHandRanking.Tests.csproj", "{35C1E215-63A2-4C83-9510-FAF548AB663E}"
EndProject
Global
	GlobalSection(SolutionConfigurationPlatforms) = preSolution
		Debug|Any CPU = Debug|Any CPU
		Release|Any CPU = Release|Any CPU
	EndGlobalSection
	GlobalSection(ProjectConfigurationPlatforms) = postSolution
		{41A879F9-C1AE-4BE0-A64C-A2B86D38DEC5}.Debug|Any CPU.ActiveCfg = Debug|Any CPU
		{41A879F9-C1AE-4BE0-A64C-A2B86D38DEC5}.Debug|Any CPU.Build.0 = Debug|Any CPU
		{41A879F9-C1AE-4BE0-A64C-A2B86D38DEC5}.Release|Any CPU.ActiveCfg = Release|Any CPU
		{41A879F9-C1AE-4BE0-A64C-A2B86D38DEC5}.Release|Any CPU.Build.0 = Release|Any CPU
		{35C1E215-63A2-4C83-9510-FAF548AB663E}.Debug|Any CPU.ActiveCfg = Debug|Any CPU
		{35C1E215-63A2-4C83-9510-FAF548AB663E}.Debug|Any CPU.Build.0 = Debug|Any CPU
		{35C1E215-63A2-4C83-9510-FAF548AB663E}.Release|Any CPU.ActiveCfg = Release|Any CPU
		{35C1E215-63A2-4C83-9510-FAF548AB663E}.Release|Any CPU.Build.0 = Release|Any CPU
	EndGlobalSection
	GlobalSection(SolutionProperties) = preSolution
		HideSolutionNode = FALSE
	EndGlobalSection
	GlobalSection(ExtensibilityGlobals) = postSolution
		SolutionGuid = {6EFF5377-2FDE-453A-B195-5A8CE850D50F}
	EndGlobalSection
EndGlobal
